
Microsoft Visual Studio Solution File, Format Version 12.00
# Visual Studio Version 17
VisualStudioVersion = 17.3.32811.315
MinimumVisualStudioVersion = 10.0.40219.1
Project("{9A19103F-16F7-4668-BE54-9A1E7A4F7556}") = "LyricFinderConsole", "LyricFinderConsole\LyricFinderConsole.csproj", "{1BDC2250-A3F1-4A8A-83C1-363EDDC80A3B}"
EndProject
Project("{9A19103F-16F7-4668-BE54-9A1E7A4F7556}") = "LyricFinderConsoleTest", "LyricFinderConsoleTest\LyricFinderConsoleTest.csproj", "{68B324B5-B4BE-4C94-A26E-BD9925CC452D}"
EndProject
Project("{9A19103F-16F7-4668-BE54-9A1E7A4F7556}") = "LyricFinderCore", "LyricFinderLibrary\LyricFinderCore.csproj", "{253F9EE2-FBF7-46F4-96D7-43C0DD30C7BA}"
EndProject
Global
	GlobalSection(SolutionConfigurationPlatforms) = preSolution
		Debug|Any CPU = Debug|Any CPU
		Release|Any CPU = Release|Any CPU
	EndGlobalSection
	GlobalSection(ProjectConfigurationPlatforms) = postSolution
		{1BDC2250-A3F1-4A8A-83C1-363EDDC80A3B}.Debug|Any CPU.ActiveCfg = Debug|Any CPU
		{1BDC2250-A3F1-4A8A-83C1-363EDDC80A3B}.Debug|Any CPU.Build.0 = Debug|Any CPU
		{1BDC2250-A3F1-4A8A-83C1-363EDDC80A3B}.Release|Any CPU.ActiveCfg = Release|Any CPU
		{1BDC2250-A3F1-4A8A-83C1-363EDDC80A3B}.Release|Any CPU.Build.0 = Release|Any CPU
		{68B324B5-B4BE-4C94-A26E-BD9925CC452D}.Debug|Any CPU.ActiveCfg = Debug|Any CPU
		{68B324B5-B4BE-4C94-A26E-BD9925CC452D}.Debug|Any CPU.Build.0 = Debug|Any CPU
		{68B324B5-B4BE-4C94-A26E-BD9925CC452D}.Release|Any CPU.ActiveCfg = Release|Any CPU
		{68B324B5-B4BE-4C94-A26E-BD9925CC452D}.Release|Any CPU.Build.0 = Release|Any CPU
		{253F9EE2-FBF7-46F4-96D7-43C0DD30C7BA}.Debug|Any CPU.ActiveCfg = Debug|Any CPU
		{253F9EE2-FBF7-46F4-96D7-43C0DD30C7BA}.Debug|Any CPU.Build.0 = Debug|Any CPU
		{253F9EE2-FBF7-46F4-96D7-43C0DD30C7BA}.Release|Any CPU.ActiveCfg = Release|Any CPU
		{253F9EE2-FBF7-46F4-96D7-43C0DD30C7BA}.Release|Any CPU.Build.0 = Release|Any CPU
	EndGlobalSection
	GlobalSection(SolutionProperties) = preSolution
		HideSolutionNode = FALSE
	EndGlobalSection
	GlobalSection(ExtensibilityGlobals) = postSolution
		SolutionGuid = {577D36BA-8D23-4B58-A4EF-A745BA96CDB2}
	EndGlobalSection
EndGlobal
